
Microsoft Visual Studio Solution File, Format Version 12.00
# Visual Studio Version 17
VisualStudioVersion = 17.4.33110.190
MinimumVisualStudioVersion = 10.0.40219.1
Project("{FAE04EC0-301F-11D3-BF4B-00C04F79EFBC}") = "MyJournal", "MyJournal\MyJournal.csproj", "{9891996F-BB02-4B76-B448-8E9360A512D9}"
EndProject
Global
	GlobalSection(SolutionConfigurationPlatforms) = preSolution
		Debug|Any CPU = Debug|Any CPU
		Release|Any CPU = Release|Any CPU
	EndGlobalSection
	GlobalSection(ProjectConfigurationPlatforms) = postSolution
		{9891996F-BB02-4B76-B448-8E9360A512D9}.Debug|Any CPU.ActiveCfg = Debug|Any CPU
		{9891996F-BB02-4B76-B448-8E9360A512D9}.Debug|Any CPU.Build.0 = Debug|Any CPU
		{9891996F-BB02-4B76-B448-8E9360A512D9}.Release|Any CPU.ActiveCfg = Release|Any CPU
		{9891996F-BB02-4B76-B448-8E9360A512D9}.Release|Any CPU.Build.0 = Release|Any CPU
	EndGlobalSection
	GlobalSection(SolutionProperties) = preSolution
		HideSolutionNode = FALSE
	EndGlobalSection
	GlobalSection(ExtensibilityGlobals) = postSolution
		SolutionGuid = {7B7D2679-FD79-4064-B2E9-921C56D379F6}
	EndGlobalSection
EndGlobal
